// !$*UTF8*$!
{
	archiveVersion = 1;
	classes = {
	};
	objectVersion = 56;
	objects = {

/* Begin PBXBuildFile section */
		961F171B2984E16200E784A3 /* CryptoCoinApp.swift in Sources */ = {isa = PBXBuildFile; fileRef = 961F171A2984E16200E784A3 /* CryptoCoinApp.swift */; };
		961F171D2984E16200E784A3 /* ContentView.swift in Sources */ = {isa = PBXBuildFile; fileRef = 961F171C2984E16200E784A3 /* ContentView.swift */; };
		961F17222984E16500E784A3 /* Preview Assets.xcassets in Resources */ = {isa = PBXBuildFile; fileRef = 961F17212984E16500E784A3 /* Preview Assets.xcassets */; };
		961F17292984E24100E784A3 /* Assets.xcassets in Resources */ = {isa = PBXBuildFile; fileRef = 961F17282984E24000E784A3 /* Assets.xcassets */; };
		961F172C2984E32500E784A3 /* Color.swift in Sources */ = {isa = PBXBuildFile; fileRef = 961F172B2984E32500E784A3 /* Color.swift */; };
		962EA495298F73FC007176AD /* CoinImageViewModel.swift in Sources */ = {isa = PBXBuildFile; fileRef = 962EA494298F73FC007176AD /* CoinImageViewModel.swift */; };
		962EA497298F7816007176AD /* CoinImageView.swift in Sources */ = {isa = PBXBuildFile; fileRef = 962EA496298F7816007176AD /* CoinImageView.swift */; };
		962EA499298F79DA007176AD /* LocalFileManager.swift in Sources */ = {isa = PBXBuildFile; fileRef = 962EA498298F79DA007176AD /* LocalFileManager.swift */; };
		962EA49B298F8A2A007176AD /* SearchBarView.swift in Sources */ = {isa = PBXBuildFile; fileRef = 962EA49A298F8A29007176AD /* SearchBarView.swift */; };
		962EA49D298FEB7E007176AD /* UIApplication.swift in Sources */ = {isa = PBXBuildFile; fileRef = 962EA49C298FEB7E007176AD /* UIApplication.swift */; };
		96514F602984E53A000B1479 /* HomeView.swift in Sources */ = {isa = PBXBuildFile; fileRef = 96514F5F2984E53A000B1479 /* HomeView.swift */; };
		96514F662984E7A8000B1479 /* CircleButtonView.swift in Sources */ = {isa = PBXBuildFile; fileRef = 96514F652984E7A8000B1479 /* CircleButtonView.swift */; };
		96514F682984EC5F000B1479 /* CircleButtonAnimationView.swift in Sources */ = {isa = PBXBuildFile; fileRef = 96514F672984EC5F000B1479 /* CircleButtonAnimationView.swift */; };
		96514F6B2984F137000B1479 /* CoinModel.swift in Sources */ = {isa = PBXBuildFile; fileRef = 96514F6A2984F137000B1479 /* CoinModel.swift */; };
		96514F6F2984FBB6000B1479 /* CoinRowView.swift in Sources */ = {isa = PBXBuildFile; fileRef = 96514F6E2984FBB5000B1479 /* CoinRowView.swift */; };
		96514F712984FBFC000B1479 /* PreviewProvider.swift in Sources */ = {isa = PBXBuildFile; fileRef = 96514F702984FBFC000B1479 /* PreviewProvider.swift */; };
		96514F73298515ED000B1479 /* Double.swift in Sources */ = {isa = PBXBuildFile; fileRef = 96514F72298515ED000B1479 /* Double.swift */; };
		96514F7529855BFA000B1479 /* HomeViewModel.swift in Sources */ = {isa = PBXBuildFile; fileRef = 96514F7429855BFA000B1479 /* HomeViewModel.swift */; };
		96514F772986A361000B1479 /* test.swift in Sources */ = {isa = PBXBuildFile; fileRef = 96514F762986A361000B1479 /* test.swift */; };
		9670961329879FE60018EA7C /* CoinDataService.swift in Sources */ = {isa = PBXBuildFile; fileRef = 9670961229879FE60018EA7C /* CoinDataService.swift */; };
		967096162987A5610018EA7C /* NetworkingManager.swift in Sources */ = {isa = PBXBuildFile; fileRef = 967096152987A5610018EA7C /* NetworkingManager.swift */; };
		9670961B2987B0C40018EA7C /* CoinImageService.swift in Sources */ = {isa = PBXBuildFile; fileRef = 9670961A2987B0C40018EA7C /* CoinImageService.swift */; };
/* End PBXBuildFile section */

/* Begin PBXFileReference section */
		961F17172984E16200E784A3 /* CryptoCoin.app */ = {isa = PBXFileReference; explicitFileType = wrapper.application; includeInIndex = 0; path = CryptoCoin.app; sourceTree = BUILT_PRODUCTS_DIR; };
		961F171A2984E16200E784A3 /* CryptoCoinApp.swift */ = {isa = PBXFileReference; lastKnownFileType = sourcecode.swift; path = CryptoCoinApp.swift; sourceTree = "<group>"; };
		961F171C2984E16200E784A3 /* ContentView.swift */ = {isa = PBXFileReference; lastKnownFileType = sourcecode.swift; path = ContentView.swift; sourceTree = "<group>"; };
		961F17212984E16500E784A3 /* Preview Assets.xcassets */ = {isa = PBXFileReference; lastKnownFileType = folder.assetcatalog; path = "Preview Assets.xcassets"; sourceTree = "<group>"; };
		961F17282984E24000E784A3 /* Assets.xcassets */ = {isa = PBXFileReference; lastKnownFileType = folder.assetcatalog; name = Assets.xcassets; path = ../../Resources/Assets.xcassets; sourceTree = "<group>"; };
		961F172B2984E32500E784A3 /* Color.swift */ = {isa = PBXFileReference; lastKnownFileType = sourcecode.swift; path = Color.swift; sourceTree = "<group>"; };
		962EA494298F73FC007176AD /* CoinImageViewModel.swift */ = {isa = PBXFileReference; lastKnownFileType = sourcecode.swift; path = CoinImageViewModel.swift; sourceTree = "<group>"; };
		962EA496298F7816007176AD /* CoinImageView.swift */ = {isa = PBXFileReference; lastKnownFileType = sourcecode.swift; path = CoinImageView.swift; sourceTree = "<group>"; };
		962EA498298F79DA007176AD /* LocalFileManager.swift */ = {isa = PBXFileReference; lastKnownFileType = sourcecode.swift; path = LocalFileManager.swift; sourceTree = "<group>"; };
		962EA49A298F8A29007176AD /* SearchBarView.swift */ = {isa = PBXFileReference; lastKnownFileType = sourcecode.swift; path = SearchBarView.swift; sourceTree = "<group>"; };
		962EA49C298FEB7E007176AD /* UIApplication.swift */ = {isa = PBXFileReference; lastKnownFileType = sourcecode.swift; path = UIApplication.swift; sourceTree = "<group>"; };
		96514F5F2984E53A000B1479 /* HomeView.swift */ = {isa = PBXFileReference; lastKnownFileType = sourcecode.swift; path = HomeView.swift; sourceTree = "<group>"; };
		96514F652984E7A8000B1479 /* CircleButtonView.swift */ = {isa = PBXFileReference; lastKnownFileType = sourcecode.swift; path = CircleButtonView.swift; sourceTree = "<group>"; };
		96514F672984EC5F000B1479 /* CircleButtonAnimationView.swift */ = {isa = PBXFileReference; lastKnownFileType = sourcecode.swift; path = CircleButtonAnimationView.swift; sourceTree = "<group>"; };
		96514F6A2984F137000B1479 /* CoinModel.swift */ = {isa = PBXFileReference; lastKnownFileType = sourcecode.swift; path = CoinModel.swift; sourceTree = "<group>"; };
		96514F6E2984FBB5000B1479 /* CoinRowView.swift */ = {isa = PBXFileReference; lastKnownFileType = sourcecode.swift; path = CoinRowView.swift; sourceTree = "<group>"; };
		96514F702984FBFC000B1479 /* PreviewProvider.swift */ = {isa = PBXFileReference; lastKnownFileType = sourcecode.swift; path = PreviewProvider.swift; sourceTree = "<group>"; };
		96514F72298515ED000B1479 /* Double.swift */ = {isa = PBXFileReference; lastKnownFileType = sourcecode.swift; path = Double.swift; sourceTree = "<group>"; };
		96514F7429855BFA000B1479 /* HomeViewModel.swift */ = {isa = PBXFileReference; lastKnownFileType = sourcecode.swift; path = HomeViewModel.swift; sourceTree = "<group>"; };
		96514F762986A361000B1479 /* test.swift */ = {isa = PBXFileReference; lastKnownFileType = sourcecode.swift; path = test.swift; sourceTree = "<group>"; };
		9670961229879FE60018EA7C /* CoinDataService.swift */ = {isa = PBXFileReference; lastKnownFileType = sourcecode.swift; path = CoinDataService.swift; sourceTree = "<group>"; };
		967096152987A5610018EA7C /* NetworkingManager.swift */ = {isa = PBXFileReference; lastKnownFileType = sourcecode.swift; path = NetworkingManager.swift; sourceTree = "<group>"; };
		9670961A2987B0C40018EA7C /* CoinImageService.swift */ = {isa = PBXFileReference; lastKnownFileType = sourcecode.swift; path = CoinImageService.swift; sourceTree = "<group>"; };
/* End PBXFileReference section */

/* Begin PBXFrameworksBuildPhase section */
		961F17142984E16200E784A3 /* Frameworks */ = {
			isa = PBXFrameworksBuildPhase;
			buildActionMask = 2147483647;
			files = (
			);
			runOnlyForDeploymentPostprocessing = 0;
		};
/* End PBXFrameworksBuildPhase section */

/* Begin PBXGroup section */
		961F170E2984E16200E784A3 = {
			isa = PBXGroup;
			children = (
				961F17192984E16200E784A3 /* CryptoCoin */,
				961F17182984E16200E784A3 /* Products */,
			);
			sourceTree = "<group>";
		};
		961F17182984E16200E784A3 /* Products */ = {
			isa = PBXGroup;
			children = (
				961F17172984E16200E784A3 /* CryptoCoin.app */,
			);
			name = Products;
			sourceTree = "<group>";
		};
		961F17192984E16200E784A3 /* CryptoCoin */ = {
			isa = PBXGroup;
			children = (
				967096142987A5350018EA7C /* Utilities */,
				9670961029879FB70018EA7C /* Services */,
				961F172A2984E2FC00E784A3 /* Extension */,
				96514F692984F0EA000B1479 /* Models */,
				96514F5B2984E4FF000B1479 /* Core */,
				961F171A2984E16200E784A3 /* CryptoCoinApp.swift */,
				961F171C2984E16200E784A3 /* ContentView.swift */,
				961F17282984E24000E784A3 /* Assets.xcassets */,
				961F17202984E16500E784A3 /* Preview Content */,
				96514F762986A361000B1479 /* test.swift */,
			);
			path = CryptoCoin;
			sourceTree = "<group>";
		};
		961F17202984E16500E784A3 /* Preview Content */ = {
			isa = PBXGroup;
			children = (
				961F17212984E16500E784A3 /* Preview Assets.xcassets */,
			);
			path = "Preview Content";
			sourceTree = "<group>";
		};
		961F172A2984E2FC00E784A3 /* Extension */ = {
			isa = PBXGroup;
			children = (
				961F172B2984E32500E784A3 /* Color.swift */,
				96514F702984FBFC000B1479 /* PreviewProvider.swift */,
				96514F72298515ED000B1479 /* Double.swift */,
				962EA49C298FEB7E007176AD /* UIApplication.swift */,
			);
			path = Extension;
			sourceTree = "<group>";
		};
		96514F5B2984E4FF000B1479 /* Core */ = {
			isa = PBXGroup;
			children = (
				96514F612984E6EE000B1479 /* Components */,
				96514F5C2984E505000B1479 /* Home */,
			);
			path = Core;
			sourceTree = "<group>";
		};
		96514F5C2984E505000B1479 /* Home */ = {
			isa = PBXGroup;
			children = (
				96514F5E2984E51F000B1479 /* ViewModels */,
				96514F5D2984E513000B1479 /* Views */,
			);
			path = Home;
			sourceTree = "<group>";
		};
		96514F5D2984E513000B1479 /* Views */ = {
			isa = PBXGroup;
			children = (
				96514F5F2984E53A000B1479 /* HomeView.swift */,
				96514F6E2984FBB5000B1479 /* CoinRowView.swift */,
			);
			path = Views;
			sourceTree = "<group>";
		};
		96514F5E2984E51F000B1479 /* ViewModels */ = {
			isa = PBXGroup;
			children = (
				96514F7429855BFA000B1479 /* HomeViewModel.swift */,
			);
			path = ViewModels;
			sourceTree = "<group>";
		};
		96514F612984E6EE000B1479 /* Components */ = {
			isa = PBXGroup;
			children = (
				967096172987AE120018EA7C /* CoinImage */,
				96514F622984E6FB000B1479 /* CircleButton */,
				962EA49A298F8A29007176AD /* SearchBarView.swift */,
			);
			path = Components;
			sourceTree = "<group>";
		};
		96514F622984E6FB000B1479 /* CircleButton */ = {
			isa = PBXGroup;
			children = (
				96514F652984E7A8000B1479 /* CircleButtonView.swift */,
				96514F672984EC5F000B1479 /* CircleButtonAnimationView.swift */,
			);
			path = CircleButton;
			sourceTree = "<group>";
		};
		96514F692984F0EA000B1479 /* Models */ = {
			isa = PBXGroup;
			children = (
				96514F6A2984F137000B1479 /* CoinModel.swift */,
			);
			path = Models;
			sourceTree = "<group>";
		};
		9670961029879FB70018EA7C /* Services */ = {
			isa = PBXGroup;
			children = (
				9670961229879FE60018EA7C /* CoinDataService.swift */,
				9670961A2987B0C40018EA7C /* CoinImageService.swift */,
			);
			path = Services;
			sourceTree = "<group>";
		};
		967096142987A5350018EA7C /* Utilities */ = {
			isa = PBXGroup;
			children = (
				967096152987A5610018EA7C /* NetworkingManager.swift */,
				962EA498298F79DA007176AD /* LocalFileManager.swift */,
			);
			path = Utilities;
			sourceTree = "<group>";
		};
		967096172987AE120018EA7C /* CoinImage */ = {
			isa = PBXGroup;
			children = (
				962EA494298F73FC007176AD /* CoinImageViewModel.swift */,
				962EA496298F7816007176AD /* CoinImageView.swift */,
			);
			path = CoinImage;
			sourceTree = "<group>";
		};
/* End PBXGroup section */

/* Begin PBXNativeTarget section */
		961F17162984E16200E784A3 /* CryptoCoin */ = {
			isa = PBXNativeTarget;
			buildConfigurationList = 961F17252984E16500E784A3 /* Build configuration list for PBXNativeTarget "CryptoCoin" */;
			buildPhases = (
				961F17132984E16200E784A3 /* Sources */,
				961F17142984E16200E784A3 /* Frameworks */,
				961F17152984E16200E784A3 /* Resources */,
			);
			buildRules = (
			);
			dependencies = (
			);
			name = CryptoCoin;
			productName = CryptoCoin;
			productReference = 961F17172984E16200E784A3 /* CryptoCoin.app */;
			productType = "com.apple.product-type.application";
		};
/* End PBXNativeTarget section */

/* Begin PBXProject section */
		961F170F2984E16200E784A3 /* Project object */ = {
			isa = PBXProject;
			attributes = {
				BuildIndependentTargetsInParallel = 1;
				LastSwiftUpdateCheck = 1420;
				LastUpgradeCheck = 1420;
				TargetAttributes = {
					961F17162984E16200E784A3 = {
						CreatedOnToolsVersion = 14.2;
					};
				};
			};
			buildConfigurationList = 961F17122984E16200E784A3 /* Build configuration list for PBXProject "CryptoCoin" */;
			compatibilityVersion = "Xcode 14.0";
			developmentRegion = en;
			hasScannedForEncodings = 0;
			knownRegions = (
				en,
				Base,
			);
			mainGroup = 961F170E2984E16200E784A3;
			productRefGroup = 961F17182984E16200E784A3 /* Products */;
			projectDirPath = "";
			projectRoot = "";
			targets = (
				961F17162984E16200E784A3 /* CryptoCoin */,
			);
		};
/* End PBXProject section */

/* Begin PBXResourcesBuildPhase section */
		961F17152984E16200E784A3 /* Resources */ = {
			isa = PBXResourcesBuildPhase;
			buildActionMask = 2147483647;
			files = (
				961F17222984E16500E784A3 /* Preview Assets.xcassets in Resources */,
				961F17292984E24100E784A3 /* Assets.xcassets in Resources */,
			);
			runOnlyForDeploymentPostprocessing = 0;
		};
/* End PBXResourcesBuildPhase section */

/* Begin PBXSourcesBuildPhase section */
		961F17132984E16200E784A3 /* Sources */ = {
			isa = PBXSourcesBuildPhase;
			buildActionMask = 2147483647;
			files = (
				96514F6F2984FBB6000B1479 /* CoinRowView.swift in Sources */,
				96514F772986A361000B1479 /* test.swift in Sources */,
				962EA495298F73FC007176AD /* CoinImageViewModel.swift in Sources */,
				96514F7529855BFA000B1479 /* HomeViewModel.swift in Sources */,
				962EA497298F7816007176AD /* CoinImageView.swift in Sources */,
				961F171D2984E16200E784A3 /* ContentView.swift in Sources */,
				96514F602984E53A000B1479 /* HomeView.swift in Sources */,
				9670961329879FE60018EA7C /* CoinDataService.swift in Sources */,
				962EA49D298FEB7E007176AD /* UIApplication.swift in Sources */,
				961F171B2984E16200E784A3 /* CryptoCoinApp.swift in Sources */,
				96514F662984E7A8000B1479 /* CircleButtonView.swift in Sources */,
				961F172C2984E32500E784A3 /* Color.swift in Sources */,
				962EA499298F79DA007176AD /* LocalFileManager.swift in Sources */,
				962EA49B298F8A2A007176AD /* SearchBarView.swift in Sources */,
				96514F682984EC5F000B1479 /* CircleButtonAnimationView.swift in Sources */,
				96514F712984FBFC000B1479 /* PreviewProvider.swift in Sources */,
				96514F73298515ED000B1479 /* Double.swift in Sources */,
				96514F6B2984F137000B1479 /* CoinModel.swift in Sources */,
				9670961B2987B0C40018EA7C /* CoinImageService.swift in Sources */,
				967096162987A5610018EA7C /* NetworkingManager.swift in Sources */,
			);
			runOnlyForDeploymentPostprocessing = 0;
		};
/* End PBXSourcesBuildPhase section */

/* Begin XCBuildConfiguration section */
		961F17232984E16500E784A3 /* Debug */ = {
			isa = XCBuildConfiguration;
			buildSettings = {
				ALWAYS_SEARCH_USER_PATHS = NO;
				CLANG_ANALYZER_NONNULL = YES;
				CLANG_ANALYZER_NUMBER_OBJECT_CONVERSION = YES_AGGRESSIVE;
				CLANG_CXX_LANGUAGE_STANDARD = "gnu++20";
				CLANG_ENABLE_MODULES = YES;
				CLANG_ENABLE_OBJC_ARC = YES;
				CLANG_ENABLE_OBJC_WEAK = YES;
				CLANG_WARN_BLOCK_CAPTURE_AUTORELEASING = YES;
				CLANG_WARN_BOOL_CONVERSION = YES;
				CLANG_WARN_COMMA = YES;
				CLANG_WARN_CONSTANT_CONVERSION = YES;
				CLANG_WARN_DEPRECATED_OBJC_IMPLEMENTATIONS = YES;
				CLANG_WARN_DIRECT_OBJC_ISA_USAGE = YES_ERROR;
				CLANG_WARN_DOCUMENTATION_COMMENTS = YES;
				CLANG_WARN_EMPTY_BODY = YES;
				CLANG_WARN_ENUM_CONVERSION = YES;
				CLANG_WARN_INFINITE_RECURSION = YES;
				CLANG_WARN_INT_CONVERSION = YES;
				CLANG_WARN_NON_LITERAL_NULL_CONVERSION = YES;
				CLANG_WARN_OBJC_IMPLICIT_RETAIN_SELF = YES;
				CLANG_WARN_OBJC_LITERAL_CONVERSION = YES;
				CLANG_WARN_OBJC_ROOT_CLASS = YES_ERROR;
				CLANG_WARN_QUOTED_INCLUDE_IN_FRAMEWORK_HEADER = YES;
				CLANG_WARN_RANGE_LOOP_ANALYSIS = YES;
				CLANG_WARN_STRICT_PROTOTYPES = YES;
				CLANG_WARN_SUSPICIOUS_MOVE = YES;
				CLANG_WARN_UNGUARDED_AVAILABILITY = YES_AGGRESSIVE;
				CLANG_WARN_UNREACHABLE_CODE = YES;
				CLANG_WARN__DUPLICATE_METHOD_MATCH = YES;
				COPY_PHASE_STRIP = NO;
				DEBUG_INFORMATION_FORMAT = dwarf;
				ENABLE_STRICT_OBJC_MSGSEND = YES;
				ENABLE_TESTABILITY = YES;
				GCC_C_LANGUAGE_STANDARD = gnu11;
				GCC_DYNAMIC_NO_PIC = NO;
				GCC_NO_COMMON_BLOCKS = YES;
				GCC_OPTIMIZATION_LEVEL = 0;
				GCC_PREPROCESSOR_DEFINITIONS = (
					"DEBUG=1",
					"$(inherited)",
				);
				GCC_WARN_64_TO_32_BIT_CONVERSION = YES;
				GCC_WARN_ABOUT_RETURN_TYPE = YES_ERROR;
				GCC_WARN_UNDECLARED_SELECTOR = YES;
				GCC_WARN_UNINITIALIZED_AUTOS = YES_AGGRESSIVE;
				GCC_WARN_UNUSED_FUNCTION = YES;
				GCC_WARN_UNUSED_VARIABLE = YES;
				IPHONEOS_DEPLOYMENT_TARGET = 16.2;
				MTL_ENABLE_DEBUG_INFO = INCLUDE_SOURCE;
				MTL_FAST_MATH = YES;
				ONLY_ACTIVE_ARCH = YES;
				SDKROOT = iphoneos;
				SWIFT_ACTIVE_COMPILATION_CONDITIONS = DEBUG;
				SWIFT_OPTIMIZATION_LEVEL = "-Onone";
			};
			name = Debug;
		};
		961F17242984E16500E784A3 /* Release */ = {
			isa = XCBuildConfiguration;
			buildSettings = {
				ALWAYS_SEARCH_USER_PATHS = NO;
				CLANG_ANALYZER_NONNULL = YES;
				CLANG_ANALYZER_NUMBER_OBJECT_CONVERSION = YES_AGGRESSIVE;
				CLANG_CXX_LANGUAGE_STANDARD = "gnu++20";
				CLANG_ENABLE_MODULES = YES;
				CLANG_ENABLE_OBJC_ARC = YES;
				CLANG_ENABLE_OBJC_WEAK = YES;
				CLANG_WARN_BLOCK_CAPTURE_AUTORELEASING = YES;
				CLANG_WARN_BOOL_CONVERSION = YES;
				CLANG_WARN_COMMA = YES;
				CLANG_WARN_CONSTANT_CONVERSION = YES;
				CLANG_WARN_DEPRECATED_OBJC_IMPLEMENTATIONS = YES;
				CLANG_WARN_DIRECT_OBJC_ISA_USAGE = YES_ERROR;
				CLANG_WARN_DOCUMENTATION_COMMENTS = YES;
				CLANG_WARN_EMPTY_BODY = YES;
				CLANG_WARN_ENUM_CONVERSION = YES;
				CLANG_WARN_INFINITE_RECURSION = YES;
				CLANG_WARN_INT_CONVERSION = YES;
				CLANG_WARN_NON_LITERAL_NULL_CONVERSION = YES;
				CLANG_WARN_OBJC_IMPLICIT_RETAIN_SELF = YES;
				CLANG_WARN_OBJC_LITERAL_CONVERSION = YES;
				CLANG_WARN_OBJC_ROOT_CLASS = YES_ERROR;
				CLANG_WARN_QUOTED_INCLUDE_IN_FRAMEWORK_HEADER = YES;
				CLANG_WARN_RANGE_LOOP_ANALYSIS = YES;
				CLANG_WARN_STRICT_PROTOTYPES = YES;
				CLANG_WARN_SUSPICIOUS_MOVE = YES;
				CLANG_WARN_UNGUARDED_AVAILABILITY = YES_AGGRESSIVE;
				CLANG_WARN_UNREACHABLE_CODE = YES;
				CLANG_WARN__DUPLICATE_METHOD_MATCH = YES;
				COPY_PHASE_STRIP = NO;
				DEBUG_INFORMATION_FORMAT = "dwarf-with-dsym";
				ENABLE_NS_ASSERTIONS = NO;
				ENABLE_STRICT_OBJC_MSGSEND = YES;
				GCC_C_LANGUAGE_STANDARD = gnu11;
				GCC_NO_COMMON_BLOCKS = YES;
				GCC_WARN_64_TO_32_BIT_CONVERSION = YES;
				GCC_WARN_ABOUT_RETURN_TYPE = YES_ERROR;
				GCC_WARN_UNDECLARED_SELECTOR = YES;
				GCC_WARN_UNINITIALIZED_AUTOS = YES_AGGRESSIVE;
				GCC_WARN_UNUSED_FUNCTION = YES;
				GCC_WARN_UNUSED_VARIABLE = YES;
				IPHONEOS_DEPLOYMENT_TARGET = 16.2;
				MTL_ENABLE_DEBUG_INFO = NO;
				MTL_FAST_MATH = YES;
				SDKROOT = iphoneos;
				SWIFT_COMPILATION_MODE = wholemodule;
				SWIFT_OPTIMIZATION_LEVEL = "-O";
				VALIDATE_PRODUCT = YES;
			};
			name = Release;
		};
		961F17262984E16500E784A3 /* Debug */ = {
			isa = XCBuildConfiguration;
			buildSettings = {
				ASSETCATALOG_COMPILER_APPICON_NAME = AppIcon;
				ASSETCATALOG_COMPILER_GLOBAL_ACCENT_COLOR_NAME = AccentColor;
				CODE_SIGN_STYLE = Automatic;
				CURRENT_PROJECT_VERSION = 1;
				DEVELOPMENT_ASSET_PATHS = "\"CryptoCoin/Preview Content\"";
				ENABLE_PREVIEWS = YES;
				GENERATE_INFOPLIST_FILE = YES;
				INFOPLIST_KEY_CFBundleDisplayName = "Crypto Coin";
				INFOPLIST_KEY_UIApplicationSceneManifest_Generation = YES;
				INFOPLIST_KEY_UIApplicationSupportsIndirectInputEvents = YES;
				INFOPLIST_KEY_UILaunchScreen_Generation = YES;
				INFOPLIST_KEY_UISupportedInterfaceOrientations = UIInterfaceOrientationPortrait;
				INFOPLIST_KEY_UISupportedInterfaceOrientations_iPad = "UIInterfaceOrientationLandscapeLeft UIInterfaceOrientationLandscapeRight UIInterfaceOrientationPortrait UIInterfaceOrientationPortraitUpsideDown";
				LD_RUNPATH_SEARCH_PATHS = (
					"$(inherited)",
					"@executable_path/Frameworks",
				);
				MARKETING_VERSION = 1.0;
				PRODUCT_BUNDLE_IDENTIFIER = com.thejitenpatel.CryptoCoin;
				PRODUCT_NAME = "$(TARGET_NAME)";
				SWIFT_EMIT_LOC_STRINGS = YES;
				SWIFT_VERSION = 5.0;
				TARGETED_DEVICE_FAMILY = "1,2";
			};
			name = Debug;
		};
		961F17272984E16500E784A3 /* Release */ = {
			isa = XCBuildConfiguration;
			buildSettings = {
				ASSETCATALOG_COMPILER_APPICON_NAME = AppIcon;
				ASSETCATALOG_COMPILER_GLOBAL_ACCENT_COLOR_NAME = AccentColor;
				CODE_SIGN_STYLE = Automatic;
				CURRENT_PROJECT_VERSION = 1;
				DEVELOPMENT_ASSET_PATHS = "\"CryptoCoin/Preview Content\"";
				ENABLE_PREVIEWS = YES;
				GENERATE_INFOPLIST_FILE = YES;
				INFOPLIST_KEY_CFBundleDisplayName = "Crypto Coin";
				INFOPLIST_KEY_UIApplicationSceneManifest_Generation = YES;
				INFOPLIST_KEY_UIApplicationSupportsIndirectInputEvents = YES;
				INFOPLIST_KEY_UILaunchScreen_Generation = YES;
				INFOPLIST_KEY_UISupportedInterfaceOrientations = UIInterfaceOrientationPortrait;
				INFOPLIST_KEY_UISupportedInterfaceOrientations_iPad = "UIInterfaceOrientationLandscapeLeft UIInterfaceOrientationLandscapeRight UIInterfaceOrientationPortrait UIInterfaceOrientationPortraitUpsideDown";
				LD_RUNPATH_SEARCH_PATHS = (
					"$(inherited)",
					"@executable_path/Frameworks",
				);
				MARKETING_VERSION = 1.0;
				PRODUCT_BUNDLE_IDENTIFIER = com.thejitenpatel.CryptoCoin;
				PRODUCT_NAME = "$(TARGET_NAME)";
				SWIFT_EMIT_LOC_STRINGS = YES;
				SWIFT_VERSION = 5.0;
				TARGETED_DEVICE_FAMILY = "1,2";
			};
			name = Release;
		};
/* End XCBuildConfiguration section */

/* Begin XCConfigurationList section */
		961F17122984E16200E784A3 /* Build configuration list for PBXProject "CryptoCoin" */ = {
			isa = XCConfigurationList;
			buildConfigurations = (
				961F17232984E16500E784A3 /* Debug */,
				961F17242984E16500E784A3 /* Release */,
			);
			defaultConfigurationIsVisible = 0;
			defaultConfigurationName = Release;
		};
		961F17252984E16500E784A3 /* Build configuration list for PBXNativeTarget "CryptoCoin" */ = {
			isa = XCConfigurationList;
			buildConfigurations = (
				961F17262984E16500E784A3 /* Debug */,
				961F17272984E16500E784A3 /* Release */,
			);
			defaultConfigurationIsVisible = 0;
			defaultConfigurationName = Release;
		};
/* End XCConfigurationList section */
	};
	rootObject = 961F170F2984E16200E784A3 /* Project object */;
}
